
Microsoft Visual Studio Solution File, Format Version 12.00
# Visual Studio Version 17
VisualStudioVersion = 17.8.34525.116
MinimumVisualStudioVersion = 10.0.40219.1
Project("{8BC9CEB8-8B4A-11D0-8D11-00A0C91BC942}") = "Lab3", "Lab3\Lab3.vcxproj", "{39C0D24D-62A5-47DC-9442-0EC094E47E91}"
EndProject
Global
	GlobalSection(SolutionConfigurationPlatforms) = preSolution
		Debug|x64 = Debug|x64
		Release|x64 = Release|x64
	EndGlobalSection
	GlobalSection(ProjectConfigurationPlatforms) = postSolution
		{39C0D24D-62A5-47DC-9442-0EC094E47E91}.Debug|x64.ActiveCfg = Debug|x64
		{39C0D24D-62A5-47DC-9442-0EC094E47E91}.Debug|x64.Build.0 = Debug|x64
		{39C0D24D-62A5-47DC-9442-0EC094E47E91}.Release|x64.ActiveCfg = Release|x64
		{39C0D24D-62A5-47DC-9442-0EC094E47E91}.Release|x64.Build.0 = Release|x64
	EndGlobalSection
	GlobalSection(SolutionProperties) = preSolution
		HideSolutionNode = FALSE
	EndGlobalSection
	GlobalSection(ExtensibilityGlobals) = postSolution
		SolutionGuid = {7D907CFA-223B-4C4C-ABD3-2DBF1EA84EC6}
	EndGlobalSection
EndGlobal
