
Microsoft Visual Studio Solution File, Format Version 12.00
# Visual Studio Version 17
VisualStudioVersion = 17.8.34525.116
MinimumVisualStudioVersion = 10.0.40219.1
Project("{8BC9CEB8-8B4A-11D0-8D11-00A0C91BC942}") = "labo2", "labo2\labo2.vcxproj", "{7E74D83A-68B2-4458-8C74-33F761930301}"
EndProject
Global
	GlobalSection(SolutionConfigurationPlatforms) = preSolution
		Debug|x64 = Debug|x64
		Release|x64 = Release|x64
	EndGlobalSection
	GlobalSection(ProjectConfigurationPlatforms) = postSolution
		{7E74D83A-68B2-4458-8C74-33F761930301}.Debug|x64.ActiveCfg = Debug|x64
		{7E74D83A-68B2-4458-8C74-33F761930301}.Debug|x64.Build.0 = Debug|x64
		{7E74D83A-68B2-4458-8C74-33F761930301}.Release|x64.ActiveCfg = Release|x64
		{7E74D83A-68B2-4458-8C74-33F761930301}.Release|x64.Build.0 = Release|x64
	EndGlobalSection
	GlobalSection(SolutionProperties) = preSolution
		HideSolutionNode = FALSE
	EndGlobalSection
	GlobalSection(ExtensibilityGlobals) = postSolution
		SolutionGuid = {234D98EA-F4C7-4CB7-8D03-86F1BD903F2A}
	EndGlobalSection
EndGlobal
